
Microsoft Visual Studio Solution File, Format Version 12.00
# Visual Studio Version 17
VisualStudioVersion = 17.4.33205.214
MinimumVisualStudioVersion = 10.0.40219.1
Project("{FAE04EC0-301F-11D3-BF4B-00C04F79EFBC}") = "WindowsFormsApp1", "WindowsFormsApp1\WindowsFormsApp1.csproj", "{605962BF-EC4E-4887-8811-D2CCECBE35CA}"
EndProject
Global
	GlobalSection(SolutionConfigurationPlatforms) = preSolution
		Debug|Any CPU = Debug|Any CPU
		Release|Any CPU = Release|Any CPU
	EndGlobalSection
	GlobalSection(ProjectConfigurationPlatforms) = postSolution
		{605962BF-EC4E-4887-8811-D2CCECBE35CA}.Debug|Any CPU.ActiveCfg = Debug|Any CPU
		{605962BF-EC4E-4887-8811-D2CCECBE35CA}.Debug|Any CPU.Build.0 = Debug|Any CPU
		{605962BF-EC4E-4887-8811-D2CCECBE35CA}.Release|Any CPU.ActiveCfg = Release|Any CPU
		{605962BF-EC4E-4887-8811-D2CCECBE35CA}.Release|Any CPU.Build.0 = Release|Any CPU
	EndGlobalSection
	GlobalSection(SolutionProperties) = preSolution
		HideSolutionNode = FALSE
	EndGlobalSection
	GlobalSection(ExtensibilityGlobals) = postSolution
		SolutionGuid = {C03AD2A0-EAC6-4740-90E8-691DA3BEFC4D}
	EndGlobalSection
EndGlobal
